
Microsoft Visual Studio Solution File, Format Version 12.00
# Visual Studio Version 16
VisualStudioVersion = 16.0.29519.87
MinimumVisualStudioVersion = 10.0.40219.1
Project("{FAE04EC0-301F-11D3-BF4B-00C04F79EFBC}") = "Composite", "Composite.csproj", "{8DFDC71C-6F8A-430B-896B-168A77E25E2C}"
EndProject
Global
	GlobalSection(SolutionConfigurationPlatforms) = preSolution
		Debug|Any CPU = Debug|Any CPU
		Release|Any CPU = Release|Any CPU
	EndGlobalSection
	GlobalSection(ProjectConfigurationPlatforms) = postSolution
		{8DFDC71C-6F8A-430B-896B-168A77E25E2C}.Debug|Any CPU.ActiveCfg = Debug|Any CPU
		{8DFDC71C-6F8A-430B-896B-168A77E25E2C}.Debug|Any CPU.Build.0 = Debug|Any CPU
		{8DFDC71C-6F8A-430B-896B-168A77E25E2C}.Release|Any CPU.ActiveCfg = Release|Any CPU
		{8DFDC71C-6F8A-430B-896B-168A77E25E2C}.Release|Any CPU.Build.0 = Release|Any CPU
	EndGlobalSection
	GlobalSection(SolutionProperties) = preSolution
		HideSolutionNode = FALSE
	EndGlobalSection
	GlobalSection(ExtensibilityGlobals) = postSolution
		SolutionGuid = {D872BBAC-B1C7-4D1D-B29B-A9DC49C81B1B}
	EndGlobalSection
EndGlobal
