
Microsoft Visual Studio Solution File, Format Version 12.00
# Visual Studio Version 16
VisualStudioVersion = 16.0.29519.87
MinimumVisualStudioVersion = 10.0.40219.1
Project("{FAE04EC0-301F-11D3-BF4B-00C04F79EFBC}") = "Decorador", "Decorador.csproj", "{339A29DE-4281-4695-8D84-95B4551DDD61}"
EndProject
Global
	GlobalSection(SolutionConfigurationPlatforms) = preSolution
		Debug|Any CPU = Debug|Any CPU
		Release|Any CPU = Release|Any CPU
	EndGlobalSection
	GlobalSection(ProjectConfigurationPlatforms) = postSolution
		{339A29DE-4281-4695-8D84-95B4551DDD61}.Debug|Any CPU.ActiveCfg = Debug|Any CPU
		{339A29DE-4281-4695-8D84-95B4551DDD61}.Debug|Any CPU.Build.0 = Debug|Any CPU
		{339A29DE-4281-4695-8D84-95B4551DDD61}.Release|Any CPU.ActiveCfg = Release|Any CPU
		{339A29DE-4281-4695-8D84-95B4551DDD61}.Release|Any CPU.Build.0 = Release|Any CPU
	EndGlobalSection
	GlobalSection(SolutionProperties) = preSolution
		HideSolutionNode = FALSE
	EndGlobalSection
	GlobalSection(ExtensibilityGlobals) = postSolution
		SolutionGuid = {294950CA-AD08-4D64-9C82-52626C037F46}
	EndGlobalSection
EndGlobal
