
Microsoft Visual Studio Solution File, Format Version 12.00
# Visual Studio Version 16
VisualStudioVersion = 16.0.29519.87
MinimumVisualStudioVersion = 10.0.40219.1
Project("{FAE04EC0-301F-11D3-BF4B-00C04F79EFBC}") = "Observer", "Observer.csproj", "{ACB33514-DE82-41ED-A2B1-750D6A369D20}"
EndProject
Global
	GlobalSection(SolutionConfigurationPlatforms) = preSolution
		Debug|Any CPU = Debug|Any CPU
		Release|Any CPU = Release|Any CPU
	EndGlobalSection
	GlobalSection(ProjectConfigurationPlatforms) = postSolution
		{ACB33514-DE82-41ED-A2B1-750D6A369D20}.Debug|Any CPU.ActiveCfg = Debug|Any CPU
		{ACB33514-DE82-41ED-A2B1-750D6A369D20}.Debug|Any CPU.Build.0 = Debug|Any CPU
		{ACB33514-DE82-41ED-A2B1-750D6A369D20}.Release|Any CPU.ActiveCfg = Release|Any CPU
		{ACB33514-DE82-41ED-A2B1-750D6A369D20}.Release|Any CPU.Build.0 = Release|Any CPU
	EndGlobalSection
	GlobalSection(SolutionProperties) = preSolution
		HideSolutionNode = FALSE
	EndGlobalSection
	GlobalSection(ExtensibilityGlobals) = postSolution
		SolutionGuid = {E900DE76-2CE1-4E70-A96E-16E96CBE2974}
	EndGlobalSection
EndGlobal
